
Microsoft Visual Studio Solution File, Format Version 12.00
# Visual Studio Version 17
VisualStudioVersion = 17.3.32922.545
MinimumVisualStudioVersion = 10.0.40219.1
Project("{9A19103F-16F7-4668-BE54-9A1E7A4F7556}") = "TIXTOOL", "TIXTOOL.csproj", "{E2E6F998-DB90-4089-8A7F-22C837AE1BC4}"
EndProject
Project("{FAE04EC0-301F-11D3-BF4B-00C04F79EFBC}") = "TIX_API", "..\TIX_API\TIX_API.csproj", "{43149A07-DD28-4D85-8E2D-DB2843208F37}"
EndProject
Global
	GlobalSection(SolutionConfigurationPlatforms) = preSolution
		Debug|Any CPU = Debug|Any CPU
		Release|Any CPU = Release|Any CPU
	EndGlobalSection
	GlobalSection(ProjectConfigurationPlatforms) = postSolution
		{E2E6F998-DB90-4089-8A7F-22C837AE1BC4}.Debug|Any CPU.ActiveCfg = Debug|Any CPU
		{E2E6F998-DB90-4089-8A7F-22C837AE1BC4}.Debug|Any CPU.Build.0 = Debug|Any CPU
		{E2E6F998-DB90-4089-8A7F-22C837AE1BC4}.Release|Any CPU.ActiveCfg = Release|Any CPU
		{E2E6F998-DB90-4089-8A7F-22C837AE1BC4}.Release|Any CPU.Build.0 = Release|Any CPU
		{43149A07-DD28-4D85-8E2D-DB2843208F37}.Debug|Any CPU.ActiveCfg = Debug|Any CPU
		{43149A07-DD28-4D85-8E2D-DB2843208F37}.Debug|Any CPU.Build.0 = Debug|Any CPU
		{43149A07-DD28-4D85-8E2D-DB2843208F37}.Release|Any CPU.ActiveCfg = Release|Any CPU
		{43149A07-DD28-4D85-8E2D-DB2843208F37}.Release|Any CPU.Build.0 = Release|Any CPU
	EndGlobalSection
	GlobalSection(SolutionProperties) = preSolution
		HideSolutionNode = FALSE
	EndGlobalSection
	GlobalSection(ExtensibilityGlobals) = postSolution
		SolutionGuid = {AE67395E-A100-49C0-8F3B-34E95BE4B0AF}
	EndGlobalSection
EndGlobal
